
Microsoft Visual Studio Solution File, Format Version 12.00
# Visual Studio 15
VisualStudioVersion = 15.0.28307.329
MinimumVisualStudioVersion = 10.0.40219.1
Project("{FAE04EC0-301F-11D3-BF4B-00C04F79EFBC}") = "lab_01_test", "lab_01_test\lab_01_test.csproj", "{42CE8729-DF3D-4851-B007-494D51E29D6F}"
EndProject
Project("{FAE04EC0-301F-11D3-BF4B-00C04F79EFBC}") = "labs_02_oop", "labs_02_oop\labs_02_oop.csproj", "{097CBB14-73AB-405F-8776-2C61AB13901E}"
EndProject
Project("{FAE04EC0-301F-11D3-BF4B-00C04F79EFBC}") = "labs_03_oop", "labs_03_oop\labs_03_oop.csproj", "{6CD96AE8-5164-4050-BD3B-74E37D5C7619}"
EndProject
Project("{FAE04EC0-301F-11D3-BF4B-00C04F79EFBC}") = "labs_04_array", "labs_04_array\labs_04_array.csproj", "{83001E6C-A0DB-4463-A501-27F44960D23D}"
EndProject
Project("{FAE04EC0-301F-11D3-BF4B-00C04F79EFBC}") = "lab_04_array_test", "lab_04_array_test\lab_04_array_test.csproj", "{D9D1EA9B-004F-42C7-9FD4-01C111C93E1B}"
EndProject
Project("{FAE04EC0-301F-11D3-BF4B-00C04F79EFBC}") = "lab_07_files", "lab_07_files\lab_07_files.csproj", "{A88784E7-6A14-4605-B1F8-441DDAF5FF5E}"
EndProject
Project("{FAE04EC0-301F-11D3-BF4B-00C04F79EFBC}") = "lab_08_files", "lab_08_files\lab_08_files.csproj", "{E830A81B-35C2-40C0-9167-B01DBBF33D3E}"
EndProject
Project("{FAE04EC0-301F-11D3-BF4B-00C04F79EFBC}") = "lab_104_array_list_queue_stack_dict_01", "lab_104_array_list_queue_stack_dict_01\lab_104_array_list_queue_stack_dict_01.csproj", "{6AB127F1-CD0B-49A9-B7F9-B95444836591}"
EndProject
Project("{FAE04EC0-301F-11D3-BF4B-00C04F79EFBC}") = "lab_09_xml", "lab_09_xml\lab_09_xml.csproj", "{A535E554-344B-4D9D-93E6-27754469FB13}"
EndProject
Project("{FAE04EC0-301F-11D3-BF4B-00C04F79EFBC}") = "Lab_06_wpf", "..\..\Users\tech-w84a\source\repos\Lab_06_wpf\Lab_06_a\Lab_06_wpf.csproj", "{F96F40B5-927B-4309-A76D-E9B70A5DB903}"
EndProject
Project("{FAE04EC0-301F-11D3-BF4B-00C04F79EFBC}") = "lab_105_game_name_and_score_01", "lab_105_game_name_and_score_01\lab_105_game_name_and_score_01.csproj", "{23346E82-4654-4910-BDA1-EB270CC247AE}"
EndProject
Project("{FAE04EC0-301F-11D3-BF4B-00C04F79EFBC}") = "person_generator_01-no-timer", "..\..\Users\tech-w84a\source\repos\randomiser hwk\randomiser hwk\person_generator_01-no-timer.csproj", "{F7787D4A-8BC0-4E31-A47C-F91FC1392EA4}"
EndProject
Project("{FAE04EC0-301F-11D3-BF4B-00C04F79EFBC}") = "lab_106_game_increase_score_01", "lab_106_game_increase_score_01\lab_106_game_increase_score_01.csproj", "{B7CB9020-21A6-473E-93AD-A88B6672551D}"
EndProject
Project("{FAE04EC0-301F-11D3-BF4B-00C04F79EFBC}") = "lab_107_list_folders_01", "lab_107_list_folders_01\lab_107_list_folders_01.csproj", "{4A243747-D72F-42C0-9221-D2DFA9BDB563}"
EndProject
Project("{FAE04EC0-301F-11D3-BF4B-00C04F79EFBC}") = "lab_108_list_files_and_folders_01", "lab_108_list_files_and_folders_01\lab_108_list_files_and_folders_01.csproj", "{67DEF2F1-373B-4DD7-892C-3979602D3D73}"
EndProject
Project("{FAE04EC0-301F-11D3-BF4B-00C04F79EFBC}") = "lab_109_new_file_with_content_01", "lab_109_new_file_with_content_01\lab_109_new_file_with_content_01.csproj", "{01ACB111-F695-4FA7-9F9F-D6084145B60C}"
EndProject
Project("{FAE04EC0-301F-11D3-BF4B-00C04F79EFBC}") = "lab_10_entity", "lab_10_entity\lab_10_entity.csproj", "{049D3A89-8BC3-4BE7-86D1-D07D78C990B6}"
EndProject
Project("{2150E333-8FDC-42A3-9474-1A3956D46DE8}") = "Solution Items", "Solution Items", "{CB309703-B070-44A4-9396-EC1B54F5BEAB}"
	ProjectSection(SolutionItems) = preProject
		README.md = README.md
	EndProjectSection
EndProject
Project("{FAE04EC0-301F-11D3-BF4B-00C04F79EFBC}") = "lab_112_collections", "lab_112_collections\lab_112_collections.csproj", "{C810A580-A021-4780-9E18-9AA1506F649B}"
EndProject
Project("{FAE04EC0-301F-11D3-BF4B-00C04F79EFBC}") = "Labs_Test", "Labs_Test\Labs_Test.csproj", "{26A6F795-C9FF-4BF1-B638-C4F8F0B3A7A9}"
EndProject
Project("{FAE04EC0-301F-11D3-BF4B-00C04F79EFBC}") = "lab_101_speed-typing-01a", "lab_101_speed-typing-01a\lab_101_speed-typing-01a.csproj", "{D877C78A-7876-49C7-802C-E21FD8BB2B7C}"
EndProject
Project("{FAE04EC0-301F-11D3-BF4B-00C04F79EFBC}") = "lab_11_entity_gui2", "lab_11_entity_gui2\lab_11_entity_gui2.csproj", "{43019A99-6711-4E9E-B06B-4BC5787CDA02}"
EndProject
Project("{FAE04EC0-301F-11D3-BF4B-00C04F79EFBC}") = "lab_12_oop_revision", "lab_12_oop_revision\lab_12_oop_revision.csproj", "{6C59D334-0A75-4BC0-877A-660BF975B37B}"
EndProject
Project("{FAE04EC0-301F-11D3-BF4B-00C04F79EFBC}") = "lab_13_Polymorphism", "lab_13_Polymorphism\lab_13_Polymorphism.csproj", "{780BCADB-51AD-48D8-9D8F-8EF9CB4CDC41}"
EndProject
Project("{FAE04EC0-301F-11D3-BF4B-00C04F79EFBC}") = "lab_113_arraylist", "lab_113_arraylist\lab_113_arraylist.csproj", "{E7923E86-37E2-42AF-AD06-47A9183A2FC4}"
EndProject
Project("{FAE04EC0-301F-11D3-BF4B-00C04F79EFBC}") = "lab_14_OOP", "lab_14_OOP\lab_14_OOP.csproj", "{FCEDE62B-B5E7-4CDE-B447-22E05E232E40}"
EndProject
Project("{FAE04EC0-301F-11D3-BF4B-00C04F79EFBC}") = "lab_115_Northwind_Entity_With_OOP", "lab_115_Northwind_Entity_With_OOP\lab_115_Northwind_Entity_With_OOP.csproj", "{314FDEB9-FE2D-4D76-BB15-F3D8385E373F}"
EndProject
Project("{FAE04EC0-301F-11D3-BF4B-00C04F79EFBC}") = "lab_116_exceptions", "lab_116_exceptions\lab_116_exceptions.csproj", "{E26531B5-BAFA-41B5-AF70-46DB9F13B4F0}"
EndProject
Project("{FAE04EC0-301F-11D3-BF4B-00C04F79EFBC}") = "lab_15_panels", "lab_15_panels\lab_15_panels.csproj", "{D409D152-4586-4944-9A0E-E0677D4E1FDE}"
EndProject
Project("{FAE04EC0-301F-11D3-BF4B-00C04F79EFBC}") = "lab_117_Entity_tabs", "lab_117_Entity_tabs\lab_117_Entity_tabs.csproj", "{055CA351-992F-48DF-A01E-304A9E44CA44}"
EndProject
Project("{FAE04EC0-301F-11D3-BF4B-00C04F79EFBC}") = "lab_18_streaming", "lab_18_streaming\lab_18_streaming.csproj", "{3A64C866-1C33-4E6D-A6FC-BE7723628052}"
EndProject
Project("{FAE04EC0-301F-11D3-BF4B-00C04F79EFBC}") = "lab_19_streaming", "lab_19_streaming\lab_19_streaming.csproj", "{0FF7BF24-B515-462B-A4C4-1C7E3F6CBE83}"
EndProject
Project("{FAE04EC0-301F-11D3-BF4B-00C04F79EFBC}") = "lab_20_streamwriter", "lab_20_streamwriter\lab_20_streamwriter.csproj", "{C036C9AC-04C3-4FD9-BCE6-146A5AD50B0C}"
EndProject
Project("{FAE04EC0-301F-11D3-BF4B-00C04F79EFBC}") = "lab_21_push_data_to_memory", "lab_21_push_data_to_memory\lab_21_push_data_to_memory.csproj", "{CCB69335-5F26-4483-8106-850A58549645}"
EndProject
Project("{FAE04EC0-301F-11D3-BF4B-00C04F79EFBC}") = "lab_22_http_get_async", "lab_22_http_get_async\lab_22_http_get_async.csproj", "{85BD1A42-8506-47D6-BDAF-2A094084B392}"
EndProject
Project("{FAE04EC0-301F-11D3-BF4B-00C04F79EFBC}") = "lab_16_NUnit_XUnit_Tests", "lab_16_NUnit_XUnit_Tests\lab_16_NUnit_XUnit_Tests.csproj", "{2E3C9A58-1BB8-4A49-9140-8098F6345632}"
EndProject
Project("{9A19103F-16F7-4668-BE54-9A1E7A4F7556}") = "lab_16_MS_Test", "lab_16_MS_Test\lab_16_MS_Test.csproj", "{AF30CA1F-6905-4312-A0EF-AC3AC232BAD7}"
EndProject
Project("{9A19103F-16F7-4668-BE54-9A1E7A4F7556}") = "lab_16_NUnit_Test", "lab_16_NUnit_Test\lab_16_NUnit_Test.csproj", "{6EC4EA98-0E44-4501-B730-7D6CDD41F012}"
EndProject
Project("{9A19103F-16F7-4668-BE54-9A1E7A4F7556}") = "lab_16_XUnit_Test", "lab_16_XUnit_Test\lab_16_XUnit_Test.csproj", "{430EC69B-1ED0-4AF1-BE3A-007A862F29F6}"
EndProject
Project("{FAE04EC0-301F-11D3-BF4B-00C04F79EFBC}") = "lab_25_checked_unchecked", "lab_25_checked_unchecked\lab_25_checked_unchecked.csproj", "{87B283E9-40E6-4011-91DF-4203CF809A6F}"
EndProject
Project("{FAE04EC0-301F-11D3-BF4B-00C04F79EFBC}") = "lab_118_encryptions", "lab_118_encryptions\lab_118_encryptions.csproj", "{6D5D85C8-7004-4787-9411-75D5D251CEDD}"
EndProject
Project("{9A19103F-16F7-4668-BE54-9A1E7A4F7556}") = "lab_118_encryption_test", "lab_118_encryption_test\lab_118_encryption_test.csproj", "{D4528424-631C-4D1D-8D41-9E6651D4908F}"
EndProject
Project("{FAE04EC0-301F-11D3-BF4B-00C04F79EFBC}") = "lab_118_array_of_tests", "lab_118_array_of_tests\lab_118_array_of_tests.csproj", "{7E5A5A02-1290-4D38-9263-6A364197D57B}"
EndProject
Project("{9A19103F-16F7-4668-BE54-9A1E7A4F7556}") = "lab_118_task_array_tests", "lab_118_task_array_tests\lab_118_task_array_tests.csproj", "{F2A62147-AD3C-451C-BE20-6EE5BACFBCAF}"
EndProject
Project("{9A19103F-16F7-4668-BE54-9A1E7A4F7556}") = "lab_26_DotNETCore_Northwind", "lab_26_DotNETCore_Northwind\lab_26_DotNETCore_Northwind.csproj", "{D31BBC0B-7834-4538-B04C-43903D70EA39}"
EndProject
Project("{FAE04EC0-301F-11D3-BF4B-00C04F79EFBC}") = "lab_27_Hello_World_Website", "lab_27_Hello_World_Website\lab_27_Hello_World_Website.csproj", "{5B1BE890-CDBA-4C61-BC21-B9C784795439}"
EndProject
Project("{FAE04EC0-301F-11D3-BF4B-00C04F79EFBC}") = "lab_119_hash_set_to_excel", "lab_119_hash_set_to_excel\lab_119_hash_set_to_excel.csproj", "{6BA834C1-18EC-4CCA-9FC9-9A2201CD0843}"
EndProject
Project("{9A19103F-16F7-4668-BE54-9A1E7A4F7556}") = "lab_119_hash_set_excel_tests", "lab_119_hash_set_excel_tests\lab_119_hash_set_excel_tests.csproj", "{ECB00C61-6341-4932-899C-311C4A7E2348}"
EndProject
Project("{FAE04EC0-301F-11D3-BF4B-00C04F79EFBC}") = "lab_28_northwind_website", "lab_28_northwind_website\lab_28_northwind_website.csproj", "{0A3408FB-BA2E-409E-A56A-F5826FAD8E27}"
EndProject
Project("{FAE04EC0-301F-11D3-BF4B-00C04F79EFBC}") = "lab_29_ASP_DOT_NET_API", "lab_29_ASP_DOT_NET_API\lab_29_ASP_DOT_NET_API.csproj", "{CCC67976-D2F4-419B-9062-6C9DBE85DF07}"
EndProject
Project("{9A19103F-16F7-4668-BE54-9A1E7A4F7556}") = "lab_30_Northwind_to_XML", "lab_30_Northwind_to_XML\lab_30_Northwind_to_XML.csproj", "{45949DC7-E45A-4807-9312-FC7AB4E6E741}"
EndProject
Project("{FAE04EC0-301F-11D3-BF4B-00C04F79EFBC}") = "lab_119_summation", "lab_119_summation\lab_119_summation.csproj", "{39280567-83CC-4DE7-B3F6-29E875C578CD}"
EndProject
Project("{9A19103F-16F7-4668-BE54-9A1E7A4F7556}") = "lab_119_summation_tests", "lab_119_summation_tests\lab_119_summation_tests.csproj", "{2F104F3A-AFAB-4CEA-9326-871BB4A2D33F}"
EndProject
Project("{FAE04EC0-301F-11D3-BF4B-00C04F79EFBC}") = "lab_31_struct", "lab_31_struct\lab_31_struct.csproj", "{C4A1A7D3-95C1-4538-A48C-A76F87BD8C2E}"
EndProject
Project("{9A19103F-16F7-4668-BE54-9A1E7A4F7556}") = "lab_32_entity_code_first", "lab_32_entity_code_first\lab_32_entity_code_first.csproj", "{165A876F-2824-4B6E-B7D5-756237068354}"
EndProject
Project("{FAE04EC0-301F-11D3-BF4B-00C04F79EFBC}") = "lab_32_entity_code_first_framework", "lab_32_entity_code_first_framework\lab_32_entity_code_first_framework.csproj", "{5FA514FC-D678-40A8-BBA9-13584F7DF578}"
EndProject
Project("{FAE04EC0-301F-11D3-BF4B-00C04F79EFBC}") = "lab_32_entity_code_first_framework01", "lab_32_entity_code_first_framework01\lab_32_entity_code_first_framework01.csproj", "{0A86A920-9A54-4ECC-BF47-3A37FAFB8FDC}"
EndProject
Project("{FAE04EC0-301F-11D3-BF4B-00C04F79EFBC}") = "lab_120_code_first_database", "lab_120_code_first_database\lab_120_code_first_database.csproj", "{C0CC7D43-5595-42F1-B9D4-9D4E7E27BCD1}"
EndProject
Project("{FAE04EC0-301F-11D3-BF4B-00C04F79EFBC}") = "lab_120_code_first_web", "lab_120_code_first_web\lab_120_code_first_web.csproj", "{B9A1ABC2-C6BB-46A7-847E-DB3435987A32}"
EndProject
Project("{FAE04EC0-301F-11D3-BF4B-00C04F79EFBC}") = "lab_120_code_first_web02", "lab_120_code_first_web02\lab_120_code_first_web02.csproj", "{99DD6205-55A6-4E70-B2B5-AC91B8D882E3}"
EndProject
Project("{FAE04EC0-301F-11D3-BF4B-00C04F79EFBC}") = "codewars_practive", "codewars_practive\codewars_practive.csproj", "{5DA0201E-A5B7-48FE-BCE3-5FDFBB0787E6}"
EndProject
Project("{FAE04EC0-301F-11D3-BF4B-00C04F79EFBC}") = "lab_33_trivial_event", "lab_33_trivial_event\lab_33_trivial_event.csproj", "{03F0F47E-E119-4F32-9C2C-33AB568462A4}"
EndProject
Project("{FAE04EC0-301F-11D3-BF4B-00C04F79EFBC}") = "lab_24_Website_core", "lab_24_Website_core\lab_24_Website_core.csproj", "{8E3A4D8A-AC70-4352-9F53-62B71903F73E}"
EndProject
Project("{FAE04EC0-301F-11D3-BF4B-00C04F79EFBC}") = "lab_34_ASP.Net_Framework_Entity", "lab_34_ASP.Net_Framework_Entity\lab_34_ASP.Net_Framework_Entity.csproj", "{496485C5-D973-4A5B-8A57-12D8E6155E77}"
EndProject
Global
	GlobalSection(SolutionConfigurationPlatforms) = preSolution
		Debug|Any CPU = Debug|Any CPU
		Release|Any CPU = Release|Any CPU
	EndGlobalSection
	GlobalSection(ProjectConfigurationPlatforms) = postSolution
		{42CE8729-DF3D-4851-B007-494D51E29D6F}.Debug|Any CPU.ActiveCfg = Debug|Any CPU
		{42CE8729-DF3D-4851-B007-494D51E29D6F}.Debug|Any CPU.Build.0 = Debug|Any CPU
		{42CE8729-DF3D-4851-B007-494D51E29D6F}.Release|Any CPU.ActiveCfg = Release|Any CPU
		{42CE8729-DF3D-4851-B007-494D51E29D6F}.Release|Any CPU.Build.0 = Release|Any CPU
		{097CBB14-73AB-405F-8776-2C61AB13901E}.Debug|Any CPU.ActiveCfg = Debug|Any CPU
		{097CBB14-73AB-405F-8776-2C61AB13901E}.Debug|Any CPU.Build.0 = Debug|Any CPU
		{097CBB14-73AB-405F-8776-2C61AB13901E}.Release|Any CPU.ActiveCfg = Release|Any CPU
		{097CBB14-73AB-405F-8776-2C61AB13901E}.Release|Any CPU.Build.0 = Release|Any CPU
		{6CD96AE8-5164-4050-BD3B-74E37D5C7619}.Debug|Any CPU.ActiveCfg = Debug|Any CPU
		{6CD96AE8-5164-4050-BD3B-74E37D5C7619}.Debug|Any CPU.Build.0 = Debug|Any CPU
		{6CD96AE8-5164-4050-BD3B-74E37D5C7619}.Release|Any CPU.ActiveCfg = Release|Any CPU
		{6CD96AE8-5164-4050-BD3B-74E37D5C7619}.Release|Any CPU.Build.0 = Release|Any CPU
		{83001E6C-A0DB-4463-A501-27F44960D23D}.Debug|Any CPU.ActiveCfg = Debug|Any CPU
		{83001E6C-A0DB-4463-A501-27F44960D23D}.Debug|Any CPU.Build.0 = Debug|Any CPU
		{83001E6C-A0DB-4463-A501-27F44960D23D}.Release|Any CPU.ActiveCfg = Release|Any CPU
		{83001E6C-A0DB-4463-A501-27F44960D23D}.Release|Any CPU.Build.0 = Release|Any CPU
		{D9D1EA9B-004F-42C7-9FD4-01C111C93E1B}.Debug|Any CPU.ActiveCfg = Debug|Any CPU
		{D9D1EA9B-004F-42C7-9FD4-01C111C93E1B}.Debug|Any CPU.Build.0 = Debug|Any CPU
		{D9D1EA9B-004F-42C7-9FD4-01C111C93E1B}.Release|Any CPU.ActiveCfg = Release|Any CPU
		{D9D1EA9B-004F-42C7-9FD4-01C111C93E1B}.Release|Any CPU.Build.0 = Release|Any CPU
		{A88784E7-6A14-4605-B1F8-441DDAF5FF5E}.Debug|Any CPU.ActiveCfg = Debug|Any CPU
		{A88784E7-6A14-4605-B1F8-441DDAF5FF5E}.Debug|Any CPU.Build.0 = Debug|Any CPU
		{A88784E7-6A14-4605-B1F8-441DDAF5FF5E}.Release|Any CPU.ActiveCfg = Release|Any CPU
		{A88784E7-6A14-4605-B1F8-441DDAF5FF5E}.Release|Any CPU.Build.0 = Release|Any CPU
		{E830A81B-35C2-40C0-9167-B01DBBF33D3E}.Debug|Any CPU.ActiveCfg = Debug|Any CPU
		{E830A81B-35C2-40C0-9167-B01DBBF33D3E}.Debug|Any CPU.Build.0 = Debug|Any CPU
		{E830A81B-35C2-40C0-9167-B01DBBF33D3E}.Release|Any CPU.ActiveCfg = Release|Any CPU
		{E830A81B-35C2-40C0-9167-B01DBBF33D3E}.Release|Any CPU.Build.0 = Release|Any CPU
		{6AB127F1-CD0B-49A9-B7F9-B95444836591}.Debug|Any CPU.ActiveCfg = Debug|Any CPU
		{6AB127F1-CD0B-49A9-B7F9-B95444836591}.Debug|Any CPU.Build.0 = Debug|Any CPU
		{6AB127F1-CD0B-49A9-B7F9-B95444836591}.Release|Any CPU.ActiveCfg = Release|Any CPU
		{6AB127F1-CD0B-49A9-B7F9-B95444836591}.Release|Any CPU.Build.0 = Release|Any CPU
		{A535E554-344B-4D9D-93E6-27754469FB13}.Debug|Any CPU.ActiveCfg = Debug|Any CPU
		{A535E554-344B-4D9D-93E6-27754469FB13}.Debug|Any CPU.Build.0 = Debug|Any CPU
		{A535E554-344B-4D9D-93E6-27754469FB13}.Release|Any CPU.ActiveCfg = Release|Any CPU
		{A535E554-344B-4D9D-93E6-27754469FB13}.Release|Any CPU.Build.0 = Release|Any CPU
		{F96F40B5-927B-4309-A76D-E9B70A5DB903}.Debug|Any CPU.ActiveCfg = Debug|Any CPU
		{F96F40B5-927B-4309-A76D-E9B70A5DB903}.Debug|Any CPU.Build.0 = Debug|Any CPU
		{F96F40B5-927B-4309-A76D-E9B70A5DB903}.Release|Any CPU.ActiveCfg = Release|Any CPU
		{F96F40B5-927B-4309-A76D-E9B70A5DB903}.Release|Any CPU.Build.0 = Release|Any CPU
		{23346E82-4654-4910-BDA1-EB270CC247AE}.Debug|Any CPU.ActiveCfg = Debug|Any CPU
		{23346E82-4654-4910-BDA1-EB270CC247AE}.Debug|Any CPU.Build.0 = Debug|Any CPU
		{23346E82-4654-4910-BDA1-EB270CC247AE}.Release|Any CPU.ActiveCfg = Release|Any CPU
		{23346E82-4654-4910-BDA1-EB270CC247AE}.Release|Any CPU.Build.0 = Release|Any CPU
		{F7787D4A-8BC0-4E31-A47C-F91FC1392EA4}.Debug|Any CPU.ActiveCfg = Debug|Any CPU
		{F7787D4A-8BC0-4E31-A47C-F91FC1392EA4}.Debug|Any CPU.Build.0 = Debug|Any CPU
		{F7787D4A-8BC0-4E31-A47C-F91FC1392EA4}.Release|Any CPU.ActiveCfg = Release|Any CPU
		{F7787D4A-8BC0-4E31-A47C-F91FC1392EA4}.Release|Any CPU.Build.0 = Release|Any CPU
		{B7CB9020-21A6-473E-93AD-A88B6672551D}.Debug|Any CPU.ActiveCfg = Debug|Any CPU
		{B7CB9020-21A6-473E-93AD-A88B6672551D}.Debug|Any CPU.Build.0 = Debug|Any CPU
		{B7CB9020-21A6-473E-93AD-A88B6672551D}.Release|Any CPU.ActiveCfg = Release|Any CPU
		{B7CB9020-21A6-473E-93AD-A88B6672551D}.Release|Any CPU.Build.0 = Release|Any CPU
		{4A243747-D72F-42C0-9221-D2DFA9BDB563}.Debug|Any CPU.ActiveCfg = Debug|Any CPU
		{4A243747-D72F-42C0-9221-D2DFA9BDB563}.Debug|Any CPU.Build.0 = Debug|Any CPU
		{4A243747-D72F-42C0-9221-D2DFA9BDB563}.Release|Any CPU.ActiveCfg = Release|Any CPU
		{4A243747-D72F-42C0-9221-D2DFA9BDB563}.Release|Any CPU.Build.0 = Release|Any CPU
		{67DEF2F1-373B-4DD7-892C-3979602D3D73}.Debug|Any CPU.ActiveCfg = Debug|Any CPU
		{67DEF2F1-373B-4DD7-892C-3979602D3D73}.Debug|Any CPU.Build.0 = Debug|Any CPU
		{67DEF2F1-373B-4DD7-892C-3979602D3D73}.Release|Any CPU.ActiveCfg = Release|Any CPU
		{67DEF2F1-373B-4DD7-892C-3979602D3D73}.Release|Any CPU.Build.0 = Release|Any CPU
		{01ACB111-F695-4FA7-9F9F-D6084145B60C}.Debug|Any CPU.ActiveCfg = Debug|Any CPU
		{01ACB111-F695-4FA7-9F9F-D6084145B60C}.Debug|Any CPU.Build.0 = Debug|Any CPU
		{01ACB111-F695-4FA7-9F9F-D6084145B60C}.Release|Any CPU.ActiveCfg = Release|Any CPU
		{01ACB111-F695-4FA7-9F9F-D6084145B60C}.Release|Any CPU.Build.0 = Release|Any CPU
		{049D3A89-8BC3-4BE7-86D1-D07D78C990B6}.Debug|Any CPU.ActiveCfg = Debug|Any CPU
		{049D3A89-8BC3-4BE7-86D1-D07D78C990B6}.Debug|Any CPU.Build.0 = Debug|Any CPU
		{049D3A89-8BC3-4BE7-86D1-D07D78C990B6}.Release|Any CPU.ActiveCfg = Release|Any CPU
		{049D3A89-8BC3-4BE7-86D1-D07D78C990B6}.Release|Any CPU.Build.0 = Release|Any CPU
		{C810A580-A021-4780-9E18-9AA1506F649B}.Debug|Any CPU.ActiveCfg = Debug|Any CPU
		{C810A580-A021-4780-9E18-9AA1506F649B}.Debug|Any CPU.Build.0 = Debug|Any CPU
		{C810A580-A021-4780-9E18-9AA1506F649B}.Release|Any CPU.ActiveCfg = Release|Any CPU
		{C810A580-A021-4780-9E18-9AA1506F649B}.Release|Any CPU.Build.0 = Release|Any CPU
		{26A6F795-C9FF-4BF1-B638-C4F8F0B3A7A9}.Debug|Any CPU.ActiveCfg = Debug|Any CPU
		{26A6F795-C9FF-4BF1-B638-C4F8F0B3A7A9}.Debug|Any CPU.Build.0 = Debug|Any CPU
		{26A6F795-C9FF-4BF1-B638-C4F8F0B3A7A9}.Release|Any CPU.ActiveCfg = Release|Any CPU
		{26A6F795-C9FF-4BF1-B638-C4F8F0B3A7A9}.Release|Any CPU.Build.0 = Release|Any CPU
		{D877C78A-7876-49C7-802C-E21FD8BB2B7C}.Debug|Any CPU.ActiveCfg = Debug|Any CPU
		{D877C78A-7876-49C7-802C-E21FD8BB2B7C}.Debug|Any CPU.Build.0 = Debug|Any CPU
		{D877C78A-7876-49C7-802C-E21FD8BB2B7C}.Release|Any CPU.ActiveCfg = Release|Any CPU
		{D877C78A-7876-49C7-802C-E21FD8BB2B7C}.Release|Any CPU.Build.0 = Release|Any CPU
		{43019A99-6711-4E9E-B06B-4BC5787CDA02}.Debug|Any CPU.ActiveCfg = Debug|Any CPU
		{43019A99-6711-4E9E-B06B-4BC5787CDA02}.Debug|Any CPU.Build.0 = Debug|Any CPU
		{43019A99-6711-4E9E-B06B-4BC5787CDA02}.Release|Any CPU.ActiveCfg = Release|Any CPU
		{43019A99-6711-4E9E-B06B-4BC5787CDA02}.Release|Any CPU.Build.0 = Release|Any CPU
		{6C59D334-0A75-4BC0-877A-660BF975B37B}.Debug|Any CPU.ActiveCfg = Debug|Any CPU
		{6C59D334-0A75-4BC0-877A-660BF975B37B}.Debug|Any CPU.Build.0 = Debug|Any CPU
		{6C59D334-0A75-4BC0-877A-660BF975B37B}.Release|Any CPU.ActiveCfg = Release|Any CPU
		{6C59D334-0A75-4BC0-877A-660BF975B37B}.Release|Any CPU.Build.0 = Release|Any CPU
		{780BCADB-51AD-48D8-9D8F-8EF9CB4CDC41}.Debug|Any CPU.ActiveCfg = Debug|Any CPU
		{780BCADB-51AD-48D8-9D8F-8EF9CB4CDC41}.Debug|Any CPU.Build.0 = Debug|Any CPU
		{780BCADB-51AD-48D8-9D8F-8EF9CB4CDC41}.Release|Any CPU.ActiveCfg = Release|Any CPU
		{780BCADB-51AD-48D8-9D8F-8EF9CB4CDC41}.Release|Any CPU.Build.0 = Release|Any CPU
		{E7923E86-37E2-42AF-AD06-47A9183A2FC4}.Debug|Any CPU.ActiveCfg = Debug|Any CPU
		{E7923E86-37E2-42AF-AD06-47A9183A2FC4}.Debug|Any CPU.Build.0 = Debug|Any CPU
		{E7923E86-37E2-42AF-AD06-47A9183A2FC4}.Release|Any CPU.ActiveCfg = Release|Any CPU
		{E7923E86-37E2-42AF-AD06-47A9183A2FC4}.Release|Any CPU.Build.0 = Release|Any CPU
		{FCEDE62B-B5E7-4CDE-B447-22E05E232E40}.Debug|Any CPU.ActiveCfg = Debug|Any CPU
		{FCEDE62B-B5E7-4CDE-B447-22E05E232E40}.Debug|Any CPU.Build.0 = Debug|Any CPU
		{FCEDE62B-B5E7-4CDE-B447-22E05E232E40}.Release|Any CPU.ActiveCfg = Release|Any CPU
		{FCEDE62B-B5E7-4CDE-B447-22E05E232E40}.Release|Any CPU.Build.0 = Release|Any CPU
		{314FDEB9-FE2D-4D76-BB15-F3D8385E373F}.Debug|Any CPU.ActiveCfg = Debug|Any CPU
		{314FDEB9-FE2D-4D76-BB15-F3D8385E373F}.Debug|Any CPU.Build.0 = Debug|Any CPU
		{314FDEB9-FE2D-4D76-BB15-F3D8385E373F}.Release|Any CPU.ActiveCfg = Release|Any CPU
		{314FDEB9-FE2D-4D76-BB15-F3D8385E373F}.Release|Any CPU.Build.0 = Release|Any CPU
		{E26531B5-BAFA-41B5-AF70-46DB9F13B4F0}.Debug|Any CPU.ActiveCfg = Debug|Any CPU
		{E26531B5-BAFA-41B5-AF70-46DB9F13B4F0}.Debug|Any CPU.Build.0 = Debug|Any CPU
		{E26531B5-BAFA-41B5-AF70-46DB9F13B4F0}.Release|Any CPU.ActiveCfg = Release|Any CPU
		{E26531B5-BAFA-41B5-AF70-46DB9F13B4F0}.Release|Any CPU.Build.0 = Release|Any CPU
		{D409D152-4586-4944-9A0E-E0677D4E1FDE}.Debug|Any CPU.ActiveCfg = Debug|Any CPU
		{D409D152-4586-4944-9A0E-E0677D4E1FDE}.Debug|Any CPU.Build.0 = Debug|Any CPU
		{D409D152-4586-4944-9A0E-E0677D4E1FDE}.Release|Any CPU.ActiveCfg = Release|Any CPU
		{D409D152-4586-4944-9A0E-E0677D4E1FDE}.Release|Any CPU.Build.0 = Release|Any CPU
		{055CA351-992F-48DF-A01E-304A9E44CA44}.Debug|Any CPU.ActiveCfg = Debug|Any CPU
		{055CA351-992F-48DF-A01E-304A9E44CA44}.Debug|Any CPU.Build.0 = Debug|Any CPU
		{055CA351-992F-48DF-A01E-304A9E44CA44}.Release|Any CPU.ActiveCfg = Release|Any CPU
		{055CA351-992F-48DF-A01E-304A9E44CA44}.Release|Any CPU.Build.0 = Release|Any CPU
		{3A64C866-1C33-4E6D-A6FC-BE7723628052}.Debug|Any CPU.ActiveCfg = Debug|Any CPU
		{3A64C866-1C33-4E6D-A6FC-BE7723628052}.Debug|Any CPU.Build.0 = Debug|Any CPU
		{3A64C866-1C33-4E6D-A6FC-BE7723628052}.Release|Any CPU.ActiveCfg = Release|Any CPU
		{3A64C866-1C33-4E6D-A6FC-BE7723628052}.Release|Any CPU.Build.0 = Release|Any CPU
		{0FF7BF24-B515-462B-A4C4-1C7E3F6CBE83}.Debug|Any CPU.ActiveCfg = Debug|Any CPU
		{0FF7BF24-B515-462B-A4C4-1C7E3F6CBE83}.Debug|Any CPU.Build.0 = Debug|Any CPU
		{0FF7BF24-B515-462B-A4C4-1C7E3F6CBE83}.Release|Any CPU.ActiveCfg = Release|Any CPU
		{0FF7BF24-B515-462B-A4C4-1C7E3F6CBE83}.Release|Any CPU.Build.0 = Release|Any CPU
		{C036C9AC-04C3-4FD9-BCE6-146A5AD50B0C}.Debug|Any CPU.ActiveCfg = Debug|Any CPU
		{C036C9AC-04C3-4FD9-BCE6-146A5AD50B0C}.Debug|Any CPU.Build.0 = Debug|Any CPU
		{C036C9AC-04C3-4FD9-BCE6-146A5AD50B0C}.Release|Any CPU.ActiveCfg = Release|Any CPU
		{C036C9AC-04C3-4FD9-BCE6-146A5AD50B0C}.Release|Any CPU.Build.0 = Release|Any CPU
		{CCB69335-5F26-4483-8106-850A58549645}.Debug|Any CPU.ActiveCfg = Debug|Any CPU
		{CCB69335-5F26-4483-8106-850A58549645}.Debug|Any CPU.Build.0 = Debug|Any CPU
		{CCB69335-5F26-4483-8106-850A58549645}.Release|Any CPU.ActiveCfg = Release|Any CPU
		{CCB69335-5F26-4483-8106-850A58549645}.Release|Any CPU.Build.0 = Release|Any CPU
		{85BD1A42-8506-47D6-BDAF-2A094084B392}.Debug|Any CPU.ActiveCfg = Debug|Any CPU
		{85BD1A42-8506-47D6-BDAF-2A094084B392}.Debug|Any CPU.Build.0 = Debug|Any CPU
		{85BD1A42-8506-47D6-BDAF-2A094084B392}.Release|Any CPU.ActiveCfg = Release|Any CPU
		{85BD1A42-8506-47D6-BDAF-2A094084B392}.Release|Any CPU.Build.0 = Release|Any CPU
		{2E3C9A58-1BB8-4A49-9140-8098F6345632}.Debug|Any CPU.ActiveCfg = Debug|Any CPU
		{2E3C9A58-1BB8-4A49-9140-8098F6345632}.Debug|Any CPU.Build.0 = Debug|Any CPU
		{2E3C9A58-1BB8-4A49-9140-8098F6345632}.Release|Any CPU.ActiveCfg = Release|Any CPU
		{2E3C9A58-1BB8-4A49-9140-8098F6345632}.Release|Any CPU.Build.0 = Release|Any CPU
		{AF30CA1F-6905-4312-A0EF-AC3AC232BAD7}.Debug|Any CPU.ActiveCfg = Debug|Any CPU
		{AF30CA1F-6905-4312-A0EF-AC3AC232BAD7}.Debug|Any CPU.Build.0 = Debug|Any CPU
		{AF30CA1F-6905-4312-A0EF-AC3AC232BAD7}.Release|Any CPU.ActiveCfg = Release|Any CPU
		{AF30CA1F-6905-4312-A0EF-AC3AC232BAD7}.Release|Any CPU.Build.0 = Release|Any CPU
		{6EC4EA98-0E44-4501-B730-7D6CDD41F012}.Debug|Any CPU.ActiveCfg = Debug|Any CPU
		{6EC4EA98-0E44-4501-B730-7D6CDD41F012}.Debug|Any CPU.Build.0 = Debug|Any CPU
		{6EC4EA98-0E44-4501-B730-7D6CDD41F012}.Release|Any CPU.ActiveCfg = Release|Any CPU
		{6EC4EA98-0E44-4501-B730-7D6CDD41F012}.Release|Any CPU.Build.0 = Release|Any CPU
		{430EC69B-1ED0-4AF1-BE3A-007A862F29F6}.Debug|Any CPU.ActiveCfg = Debug|Any CPU
		{430EC69B-1ED0-4AF1-BE3A-007A862F29F6}.Debug|Any CPU.Build.0 = Debug|Any CPU
		{430EC69B-1ED0-4AF1-BE3A-007A862F29F6}.Release|Any CPU.ActiveCfg = Release|Any CPU
		{430EC69B-1ED0-4AF1-BE3A-007A862F29F6}.Release|Any CPU.Build.0 = Release|Any CPU
		{87B283E9-40E6-4011-91DF-4203CF809A6F}.Debug|Any CPU.ActiveCfg = Debug|Any CPU
		{87B283E9-40E6-4011-91DF-4203CF809A6F}.Debug|Any CPU.Build.0 = Debug|Any CPU
		{87B283E9-40E6-4011-91DF-4203CF809A6F}.Release|Any CPU.ActiveCfg = Release|Any CPU
		{87B283E9-40E6-4011-91DF-4203CF809A6F}.Release|Any CPU.Build.0 = Release|Any CPU
		{6D5D85C8-7004-4787-9411-75D5D251CEDD}.Debug|Any CPU.ActiveCfg = Debug|Any CPU
		{6D5D85C8-7004-4787-9411-75D5D251CEDD}.Debug|Any CPU.Build.0 = Debug|Any CPU
		{6D5D85C8-7004-4787-9411-75D5D251CEDD}.Release|Any CPU.ActiveCfg = Release|Any CPU
		{6D5D85C8-7004-4787-9411-75D5D251CEDD}.Release|Any CPU.Build.0 = Release|Any CPU
		{D4528424-631C-4D1D-8D41-9E6651D4908F}.Debug|Any CPU.ActiveCfg = Debug|Any CPU
		{D4528424-631C-4D1D-8D41-9E6651D4908F}.Debug|Any CPU.Build.0 = Debug|Any CPU
		{D4528424-631C-4D1D-8D41-9E6651D4908F}.Release|Any CPU.ActiveCfg = Release|Any CPU
		{D4528424-631C-4D1D-8D41-9E6651D4908F}.Release|Any CPU.Build.0 = Release|Any CPU
		{7E5A5A02-1290-4D38-9263-6A364197D57B}.Debug|Any CPU.ActiveCfg = Debug|Any CPU
		{7E5A5A02-1290-4D38-9263-6A364197D57B}.Debug|Any CPU.Build.0 = Debug|Any CPU
		{7E5A5A02-1290-4D38-9263-6A364197D57B}.Release|Any CPU.ActiveCfg = Release|Any CPU
		{7E5A5A02-1290-4D38-9263-6A364197D57B}.Release|Any CPU.Build.0 = Release|Any CPU
		{F2A62147-AD3C-451C-BE20-6EE5BACFBCAF}.Debug|Any CPU.ActiveCfg = Debug|Any CPU
		{F2A62147-AD3C-451C-BE20-6EE5BACFBCAF}.Debug|Any CPU.Build.0 = Debug|Any CPU
		{F2A62147-AD3C-451C-BE20-6EE5BACFBCAF}.Release|Any CPU.ActiveCfg = Release|Any CPU
		{F2A62147-AD3C-451C-BE20-6EE5BACFBCAF}.Release|Any CPU.Build.0 = Release|Any CPU
		{D31BBC0B-7834-4538-B04C-43903D70EA39}.Debug|Any CPU.ActiveCfg = Debug|Any CPU
		{D31BBC0B-7834-4538-B04C-43903D70EA39}.Debug|Any CPU.Build.0 = Debug|Any CPU
		{D31BBC0B-7834-4538-B04C-43903D70EA39}.Release|Any CPU.ActiveCfg = Release|Any CPU
		{D31BBC0B-7834-4538-B04C-43903D70EA39}.Release|Any CPU.Build.0 = Release|Any CPU
		{5B1BE890-CDBA-4C61-BC21-B9C784795439}.Debug|Any CPU.ActiveCfg = Debug|Any CPU
		{5B1BE890-CDBA-4C61-BC21-B9C784795439}.Debug|Any CPU.Build.0 = Debug|Any CPU
		{5B1BE890-CDBA-4C61-BC21-B9C784795439}.Release|Any CPU.ActiveCfg = Release|Any CPU
		{5B1BE890-CDBA-4C61-BC21-B9C784795439}.Release|Any CPU.Build.0 = Release|Any CPU
		{6BA834C1-18EC-4CCA-9FC9-9A2201CD0843}.Debug|Any CPU.ActiveCfg = Debug|Any CPU
		{6BA834C1-18EC-4CCA-9FC9-9A2201CD0843}.Debug|Any CPU.Build.0 = Debug|Any CPU
		{6BA834C1-18EC-4CCA-9FC9-9A2201CD0843}.Release|Any CPU.ActiveCfg = Release|Any CPU
		{6BA834C1-18EC-4CCA-9FC9-9A2201CD0843}.Release|Any CPU.Build.0 = Release|Any CPU
		{ECB00C61-6341-4932-899C-311C4A7E2348}.Debug|Any CPU.ActiveCfg = Debug|Any CPU
		{ECB00C61-6341-4932-899C-311C4A7E2348}.Debug|Any CPU.Build.0 = Debug|Any CPU
		{ECB00C61-6341-4932-899C-311C4A7E2348}.Release|Any CPU.ActiveCfg = Release|Any CPU
		{ECB00C61-6341-4932-899C-311C4A7E2348}.Release|Any CPU.Build.0 = Release|Any CPU
		{0A3408FB-BA2E-409E-A56A-F5826FAD8E27}.Debug|Any CPU.ActiveCfg = Debug|Any CPU
		{0A3408FB-BA2E-409E-A56A-F5826FAD8E27}.Debug|Any CPU.Build.0 = Debug|Any CPU
		{0A3408FB-BA2E-409E-A56A-F5826FAD8E27}.Release|Any CPU.ActiveCfg = Release|Any CPU
		{0A3408FB-BA2E-409E-A56A-F5826FAD8E27}.Release|Any CPU.Build.0 = Release|Any CPU
		{CCC67976-D2F4-419B-9062-6C9DBE85DF07}.Debug|Any CPU.ActiveCfg = Debug|Any CPU
		{CCC67976-D2F4-419B-9062-6C9DBE85DF07}.Debug|Any CPU.Build.0 = Debug|Any CPU
		{CCC67976-D2F4-419B-9062-6C9DBE85DF07}.Release|Any CPU.ActiveCfg = Release|Any CPU
		{CCC67976-D2F4-419B-9062-6C9DBE85DF07}.Release|Any CPU.Build.0 = Release|Any CPU
		{45949DC7-E45A-4807-9312-FC7AB4E6E741}.Debug|Any CPU.ActiveCfg = Debug|Any CPU
		{45949DC7-E45A-4807-9312-FC7AB4E6E741}.Debug|Any CPU.Build.0 = Debug|Any CPU
		{45949DC7-E45A-4807-9312-FC7AB4E6E741}.Release|Any CPU.ActiveCfg = Release|Any CPU
		{45949DC7-E45A-4807-9312-FC7AB4E6E741}.Release|Any CPU.Build.0 = Release|Any CPU
		{39280567-83CC-4DE7-B3F6-29E875C578CD}.Debug|Any CPU.ActiveCfg = Debug|Any CPU
		{39280567-83CC-4DE7-B3F6-29E875C578CD}.Debug|Any CPU.Build.0 = Debug|Any CPU
		{39280567-83CC-4DE7-B3F6-29E875C578CD}.Release|Any CPU.ActiveCfg = Release|Any CPU
		{39280567-83CC-4DE7-B3F6-29E875C578CD}.Release|Any CPU.Build.0 = Release|Any CPU
		{2F104F3A-AFAB-4CEA-9326-871BB4A2D33F}.Debug|Any CPU.ActiveCfg = Debug|Any CPU
		{2F104F3A-AFAB-4CEA-9326-871BB4A2D33F}.Debug|Any CPU.Build.0 = Debug|Any CPU
		{2F104F3A-AFAB-4CEA-9326-871BB4A2D33F}.Release|Any CPU.ActiveCfg = Release|Any CPU
		{2F104F3A-AFAB-4CEA-9326-871BB4A2D33F}.Release|Any CPU.Build.0 = Release|Any CPU
		{C4A1A7D3-95C1-4538-A48C-A76F87BD8C2E}.Debug|Any CPU.ActiveCfg = Debug|Any CPU
		{C4A1A7D3-95C1-4538-A48C-A76F87BD8C2E}.Debug|Any CPU.Build.0 = Debug|Any CPU
		{C4A1A7D3-95C1-4538-A48C-A76F87BD8C2E}.Release|Any CPU.ActiveCfg = Release|Any CPU
		{C4A1A7D3-95C1-4538-A48C-A76F87BD8C2E}.Release|Any CPU.Build.0 = Release|Any CPU
		{165A876F-2824-4B6E-B7D5-756237068354}.Debug|Any CPU.ActiveCfg = Debug|Any CPU
		{165A876F-2824-4B6E-B7D5-756237068354}.Debug|Any CPU.Build.0 = Debug|Any CPU
		{165A876F-2824-4B6E-B7D5-756237068354}.Release|Any CPU.ActiveCfg = Release|Any CPU
		{165A876F-2824-4B6E-B7D5-756237068354}.Release|Any CPU.Build.0 = Release|Any CPU
		{5FA514FC-D678-40A8-BBA9-13584F7DF578}.Debug|Any CPU.ActiveCfg = Debug|Any CPU
		{5FA514FC-D678-40A8-BBA9-13584F7DF578}.Debug|Any CPU.Build.0 = Debug|Any CPU
		{5FA514FC-D678-40A8-BBA9-13584F7DF578}.Release|Any CPU.ActiveCfg = Release|Any CPU
		{5FA514FC-D678-40A8-BBA9-13584F7DF578}.Release|Any CPU.Build.0 = Release|Any CPU
		{0A86A920-9A54-4ECC-BF47-3A37FAFB8FDC}.Debug|Any CPU.ActiveCfg = Debug|Any CPU
		{0A86A920-9A54-4ECC-BF47-3A37FAFB8FDC}.Debug|Any CPU.Build.0 = Debug|Any CPU
		{0A86A920-9A54-4ECC-BF47-3A37FAFB8FDC}.Release|Any CPU.ActiveCfg = Release|Any CPU
		{0A86A920-9A54-4ECC-BF47-3A37FAFB8FDC}.Release|Any CPU.Build.0 = Release|Any CPU
		{C0CC7D43-5595-42F1-B9D4-9D4E7E27BCD1}.Debug|Any CPU.ActiveCfg = Debug|Any CPU
		{C0CC7D43-5595-42F1-B9D4-9D4E7E27BCD1}.Debug|Any CPU.Build.0 = Debug|Any CPU
		{C0CC7D43-5595-42F1-B9D4-9D4E7E27BCD1}.Release|Any CPU.ActiveCfg = Release|Any CPU
		{C0CC7D43-5595-42F1-B9D4-9D4E7E27BCD1}.Release|Any CPU.Build.0 = Release|Any CPU
		{B9A1ABC2-C6BB-46A7-847E-DB3435987A32}.Debug|Any CPU.ActiveCfg = Debug|Any CPU
		{B9A1ABC2-C6BB-46A7-847E-DB3435987A32}.Debug|Any CPU.Build.0 = Debug|Any CPU
		{B9A1ABC2-C6BB-46A7-847E-DB3435987A32}.Release|Any CPU.ActiveCfg = Release|Any CPU
		{B9A1ABC2-C6BB-46A7-847E-DB3435987A32}.Release|Any CPU.Build.0 = Release|Any CPU
		{99DD6205-55A6-4E70-B2B5-AC91B8D882E3}.Debug|Any CPU.ActiveCfg = Debug|Any CPU
		{99DD6205-55A6-4E70-B2B5-AC91B8D882E3}.Debug|Any CPU.Build.0 = Debug|Any CPU
		{99DD6205-55A6-4E70-B2B5-AC91B8D882E3}.Release|Any CPU.ActiveCfg = Release|Any CPU
		{99DD6205-55A6-4E70-B2B5-AC91B8D882E3}.Release|Any CPU.Build.0 = Release|Any CPU
		{5DA0201E-A5B7-48FE-BCE3-5FDFBB0787E6}.Debug|Any CPU.ActiveCfg = Debug|Any CPU
		{5DA0201E-A5B7-48FE-BCE3-5FDFBB0787E6}.Debug|Any CPU.Build.0 = Debug|Any CPU
		{5DA0201E-A5B7-48FE-BCE3-5FDFBB0787E6}.Release|Any CPU.ActiveCfg = Release|Any CPU
		{5DA0201E-A5B7-48FE-BCE3-5FDFBB0787E6}.Release|Any CPU.Build.0 = Release|Any CPU
		{03F0F47E-E119-4F32-9C2C-33AB568462A4}.Debug|Any CPU.ActiveCfg = Debug|Any CPU
		{03F0F47E-E119-4F32-9C2C-33AB568462A4}.Debug|Any CPU.Build.0 = Debug|Any CPU
		{03F0F47E-E119-4F32-9C2C-33AB568462A4}.Release|Any CPU.ActiveCfg = Release|Any CPU
		{03F0F47E-E119-4F32-9C2C-33AB568462A4}.Release|Any CPU.Build.0 = Release|Any CPU
		{8E3A4D8A-AC70-4352-9F53-62B71903F73E}.Debug|Any CPU.ActiveCfg = Debug|Any CPU
		{8E3A4D8A-AC70-4352-9F53-62B71903F73E}.Debug|Any CPU.Build.0 = Debug|Any CPU
		{8E3A4D8A-AC70-4352-9F53-62B71903F73E}.Release|Any CPU.ActiveCfg = Release|Any CPU
		{8E3A4D8A-AC70-4352-9F53-62B71903F73E}.Release|Any CPU.Build.0 = Release|Any CPU
		{496485C5-D973-4A5B-8A57-12D8E6155E77}.Debug|Any CPU.ActiveCfg = Debug|Any CPU
		{496485C5-D973-4A5B-8A57-12D8E6155E77}.Debug|Any CPU.Build.0 = Debug|Any CPU
		{496485C5-D973-4A5B-8A57-12D8E6155E77}.Release|Any CPU.ActiveCfg = Release|Any CPU
		{496485C5-D973-4A5B-8A57-12D8E6155E77}.Release|Any CPU.Build.0 = Release|Any CPU
	EndGlobalSection
	GlobalSection(SolutionProperties) = preSolution
		HideSolutionNode = FALSE
	EndGlobalSection
	GlobalSection(ExtensibilityGlobals) = postSolution
		SolutionGuid = {973000A5-3CD2-48B7-8D76-F8958BC8AF97}
	EndGlobalSection
EndGlobal
